{
  "requires": true,
  "lockfileVersion": 1,
  "dependencies": {
    "acorn": {
      "version": "5.7.3",
      "resolved": "http://registry.npm.taobao.org/acorn/download/acorn-5.7.3.tgz",
      "dev": true
    },
    "acorn-es7-plugin": {
      "version": "1.1.7",
      "resolved": "http://registry.npm.taobao.org/acorn-es7-plugin/download/acorn-es7-plugin-1.1.7.tgz",
      "dev": true
    },
    "array-filter": {
      "version": "1.0.0",
      "resolved": "http://registry.npm.taobao.org/array-filter/download/array-filter-1.0.0.tgz",
      "dev": true
    },
    "balanced-match": {
      "version": "1.0.0",
      "resolved": "http://registry.npm.taobao.org/balanced-match/download/balanced-match-1.0.0.tgz",
      "dev": true
    },
    "brace-expansion": {
      "version": "1.1.11",
      "resolved": "http://registry.npm.taobao.org/brace-expansion/download/brace-expansion-1.1.11.tgz",
      "dev": true,
      "requires": {
        "balanced-match": "^1.0.0"
      },
      "dependencies": {
        "balanced-match": {
          "version": "http://registry.npm.taobao.org/balanced-match/download/balanced-match-1.0.0.tgz",
          "bundled": true
        },
        "concat-map": {
          "version": "http://registry.npm.taobao.org/concat-map/download/concat-map-0.0.1.tgz",
          "bundled": true
        }
      }
    },
    "browser-stdout": {
      "version": "1.3.1",
      "resolved": "http://registry.npm.taobao.org/browser-stdout/download/browser-stdout-1.3.1.tgz",
      "dev": true
    },
    "commander": {
      "version": "2.15.1",
      "resolved": "http://registry.npm.taobao.org/commander/download/commander-2.15.1.tgz",
      "dev": true
    },
    "convert-source-map": {
      "version": "1.6.0",
      "resolved": "http://registry.npm.taobao.org/convert-source-map/download/convert-source-map-1.6.0.tgz",
      "dev": true,
      "dependencies": {
        "safe-buffer": {
          "version": "http://registry.npm.taobao.org/safe-buffer/download/safe-buffer-5.1.2.tgz",
          "bundled": true
        }
      }
    },
    "core-js": {
      "version": "2.6.1",
      "resolved": "http://registry.npm.taobao.org/core-js/download/core-js-2.6.1.tgz",
      "dev": true
    },
    "debug": {
      "version": "3.1.0",
      "resolved": "http://registry.npm.taobao.org/debug/download/debug-3.1.0.tgz",
      "dev": true,
      "dependencies": {
        "ms": {
          "version": "http://registry.npm.taobao.org/ms/download/ms-2.0.0.tgz",
          "bundled": true
        }
      }
    },
    "define-properties": {
      "version": "1.1.3",
      "resolved": "http://registry.npm.taobao.org/define-properties/download/define-properties-1.1.3.tgz",
      "dev": true,
      "requires": {
        "object-keys": "^1.0.12"
      },
      "dependencies": {
        "object-keys": {
          "version": "http://registry.npm.taobao.org/object-keys/download/object-keys-1.0.12.tgz",
          "bundled": true
        }
      }
    },
    "diff": {
      "version": "3.5.0",
      "resolved": "http://registry.npm.taobao.org/diff/download/diff-3.5.0.tgz",
      "dev": true
    },
    "empower": {
      "version": "1.3.1",
      "resolved": "http://registry.npm.taobao.org/empower/download/empower-1.3.1.tgz",
      "dev": true,
      "requires": {
        "core-js": "^2.0.0"
      },
      "dependencies": {
        "core-js": {
          "version": "http://registry.npm.taobao.org/core-js/download/core-js-2.6.1.tgz",
          "bundled": true
        },
        "empower-core": {
          "version": "http://registry.npm.taobao.org/empower-core/download/empower-core-1.2.0.tgz",
          "bundled": true
        }
      }
    },
    "escape-string-regexp": {
      "version": "1.0.5",
      "resolved": "http://registry.npm.taobao.org/escape-string-regexp/download/escape-string-regexp-1.0.5.tgz",
      "dev": true
    },
    "espower-loader": {
      "version": "1.2.2",
      "resolved": "http://registry.npm.taobao.org/espower-loader/download/espower-loader-1.2.2.tgz",
      "dev": true,
      "requires": {
        "convert-source-map": "^1.1.0",
        "minimatch": "^3.0.0",
        "xtend": "^4.0.0"
      },
      "dependencies": {
        "convert-source-map": {
          "version": "http://registry.npm.taobao.org/convert-source-map/download/convert-source-map-1.6.0.tgz",
          "bundled": true
        },
        "espower-source": {
          "version": "http://registry.npm.taobao.org/espower-source/download/espower-source-2.3.0.tgz",
          "bundled": true
        },
        "minimatch": {
          "version": "http://registry.npm.taobao.org/minimatch/download/minimatch-3.0.4.tgz",
          "bundled": true,
          "dependencies": {
            "brace-expansion": {
              "version": "http://registry.npm.taobao.org/brace-expansion/download/brace-expansion-1.1.11.tgz",
              "bundled": true,
              "dependencies": {
                "balanced-match": {
                  "version": "http://registry.npm.taobao.org/balanced-match/download/balanced-match-1.0.0.tgz",
                  "bundled": true
                },
                "concat-map": {
                  "version": "http://registry.npm.taobao.org/concat-map/download/concat-map-0.0.1.tgz",
                  "bundled": true
                }
              }
            }
          }
        },
        "source-map-support": {
          "version": "http://registry.npm.taobao.org/source-map-support/download/source-map-support-0.4.18.tgz",
          "bundled": true
        },
        "xtend": {
          "version": "http://registry.npm.taobao.org/xtend/download/xtend-4.0.1.tgz",
          "bundled": true
        }
      }
    },
    "espurify": {
      "version": "1.8.1",
      "resolved": "http://registry.npm.taobao.org/espurify/download/espurify-1.8.1.tgz",
      "dev": true,
      "requires": {
        "core-js": "^2.0.0"
      },
      "dependencies": {
        "core-js": {
          "version": "http://registry.npm.taobao.org/core-js/download/core-js-2.6.1.tgz",
          "bundled": true
        }
      }
    },
    "estraverse": {
      "version": "4.2.0",
      "resolved": "http://registry.npm.taobao.org/estraverse/download/estraverse-4.2.0.tgz",
      "dev": true
    },
    "fs.realpath": {
      "version": "1.0.0",
      "resolved": "http://registry.npm.taobao.org/fs.realpath/download/fs.realpath-1.0.0.tgz",
      "dev": true
    },
    "glob": {
      "version": "7.1.2",
      "resolved": "http://registry.npm.taobao.org/glob/download/glob-7.1.2.tgz",
      "dev": true,
      "requires": {
        "fs.realpath": "^1.0.0",
        "minimatch": "^3.0.4"
      },
      "dependencies": {
        "fs.realpath": {
          "version": "http://registry.npm.taobao.org/fs.realpath/download/fs.realpath-1.0.0.tgz",
          "bundled": true
        },
        "inflight": {
          "version": "http://registry.npm.taobao.org/inflight/download/inflight-1.0.6.tgz",
          "bundled": true
        },
        "inherits": {
          "version": "http://registry.npm.taobao.org/inherits/download/inherits-2.0.3.tgz",
          "bundled": true
        },
        "minimatch": {
          "version": "http://registry.npm.taobao.org/minimatch/download/minimatch-3.0.4.tgz",
          "bundled": true,
          "dependencies": {
            "brace-expansion": {
              "version": "http://registry.npm.taobao.org/brace-expansion/download/brace-expansion-1.1.11.tgz",
              "bundled": true,
              "dependencies": {}
            }
          }
        },
        "once": {
          "version": "http://registry.npm.taobao.org/once/download/once-1.4.0.tgz",
          "bundled": true,
          "dependencies": {
            "wrappy": {
              "version": "http://registry.npm.taobao.org/wrappy/download/wrappy-1.0.2.tgz",
              "bundled": true
            }
          }
        },
        "path-is-absolute": {
          "version": "http://registry.npm.taobao.org/path-is-absolute/download/path-is-absolute-1.0.1.tgz",
          "bundled": true
        }
      }
    },
    "growl": {
      "version": "1.10.5",
      "resolved": "http://registry.npm.taobao.org/growl/download/growl-1.10.5.tgz",
      "dev": true
    },
    "has-flag": {
      "version": "3.0.0",
      "resolved": "http://registry.npm.taobao.org/has-flag/download/has-flag-3.0.0.tgz",
      "dev": true
    },
    "he": {
      "version": "1.1.1",
      "resolved": "http://registry.npm.taobao.org/he/download/he-1.1.1.tgz",
      "dev": true
    },
    "indexof": {
      "version": "0.0.1",
      "resolved": "http://registry.npm.taobao.org/indexof/download/indexof-0.0.1.tgz",
      "dev": true
    },
    "intelli-espower-loader": {
      "version": "1.0.1",
      "resolved": "https://registry.npmjs.org/intelli-espower-loader/-/intelli-espower-loader-1.0.1.tgz",
      "integrity": "sha1-LHsDFGvB1GvyENCgOXxckatMorA=",
      "dev": true,
      "requires": {
        "espower-loader": "^1.0.0"
      }
    },
    "minimatch": {
      "version": "3.0.4",
      "resolved": "http://registry.npm.taobao.org/minimatch/download/minimatch-3.0.4.tgz",
      "dev": true,
      "requires": {
        "brace-expansion": "^1.1.7"
      }
    },
    "minimist": {
      "version": "0.0.8",
      "resolved": "http://registry.npm.taobao.org/minimist/download/minimist-0.0.8.tgz",
      "dev": true
    },
    "mkdirp": {
      "version": "0.5.1",
      "resolved": "http://registry.npm.taobao.org/mkdirp/download/mkdirp-0.5.1.tgz",
      "dev": true,
      "requires": {
        "minimist": "0.0.8"
      },
      "dependencies": {
        "minimist": {
          "version": "http://registry.npm.taobao.org/minimist/download/minimist-0.0.8.tgz",
          "bundled": true
        }
      }
    },
    "mocha": {
      "version": "5.2.0",
      "resolved": "https://registry.npmjs.org/mocha/-/mocha-5.2.0.tgz",
      "integrity": "sha512-2IUgKDhc3J7Uug+FxMXuqIyYzH7gJjXECKe/w43IGgQHTSj3InJi+yAA7T24L9bQMRKiUEHxEX37G5JpVUGLcQ==",
      "dev": true,
      "requires": {
        "browser-stdout": "1.3.1",
        "commander": "2.15.1",
        "debug": "3.1.0",
        "diff": "3.5.0",
        "escape-string-regexp": "1.0.5",
        "glob": "7.1.2",
        "growl": "1.10.5",
        "he": "1.1.1",
        "minimatch": "3.0.4",
        "mkdirp": "0.5.1",
        "supports-color": "5.4.0"
      }
    },
    "object-keys": {
      "version": "1.0.12",
      "resolved": "http://registry.npm.taobao.org/object-keys/download/object-keys-1.0.12.tgz",
      "dev": true
    },
    "power-assert": {
      "version": "1.6.1",
      "resolved": "https://registry.npmjs.org/power-assert/-/power-assert-1.6.1.tgz",
      "integrity": "sha512-VWkkZV6Y+W8qLX/PtJu2Ur2jDPIs0a5vbP0TpKeybNcIXmT4vcKoVkyTp5lnQvTpY/DxacAZ4RZisHRHLJcAZQ==",
      "dev": true,
      "requires": {
        "define-properties": "^1.1.2",
        "empower": "^1.3.1",
        "power-assert-formatter": "^1.4.1",
        "universal-deep-strict-equal": "^1.2.1",
        "xtend": "^4.0.0"
      }
    },
    "power-assert-context-formatter": {
      "version": "1.2.0",
      "resolved": "http://registry.npm.taobao.org/power-assert-context-formatter/download/power-assert-context-formatter-1.2.0.tgz",
      "dev": true,
      "requires": {
        "core-js": "^2.0.0"
      },
      "dependencies": {
        "core-js": {
          "version": "http://registry.npm.taobao.org/core-js/download/core-js-2.6.1.tgz",
          "bundled": true
        },
        "power-assert-context-traversal": {
          "version": "http://registry.npm.taobao.org/power-assert-context-traversal/download/power-assert-context-traversal-1.2.0.tgz",
          "bundled": true
        }
      }
    },
    "power-assert-context-reducer-ast": {
      "version": "1.2.0",
      "resolved": "http://registry.npm.taobao.org/power-assert-context-reducer-ast/download/power-assert-context-reducer-ast-1.2.0.tgz",
      "dev": true,
      "requires": {
        "acorn": "^5.0.0",
        "acorn-es7-plugin": "^1.0.12",
        "core-js": "^2.0.0",
        "espurify": "^1.6.0",
        "estraverse": "^4.2.0"
      },
      "dependencies": {
        "acorn": {
          "version": "http://registry.npm.taobao.org/acorn/download/acorn-5.7.3.tgz",
          "bundled": true
        },
        "acorn-es7-plugin": {
          "version": "http://registry.npm.taobao.org/acorn-es7-plugin/download/acorn-es7-plugin-1.1.7.tgz",
          "bundled": true
        },
        "core-js": {
          "version": "http://registry.npm.taobao.org/core-js/download/core-js-2.6.1.tgz",
          "bundled": true
        },
        "espurify": {
          "version": "http://registry.npm.taobao.org/espurify/download/espurify-1.8.1.tgz",
          "bundled": true,
          "dependencies": {
            "core-js": {
              "version": "http://registry.npm.taobao.org/core-js/download/core-js-2.6.1.tgz",
              "bundled": true
            }
          }
        },
        "estraverse": {
          "version": "http://registry.npm.taobao.org/estraverse/download/estraverse-4.2.0.tgz",
          "bundled": true
        }
      }
    },
    "power-assert-formatter": {
      "version": "1.4.1",
      "resolved": "http://registry.npm.taobao.org/power-assert-formatter/download/power-assert-formatter-1.4.1.tgz",
      "dev": true,
      "requires": {
        "core-js": "^2.0.0",
        "power-assert-context-formatter": "^1.0.7",
        "power-assert-context-reducer-ast": "^1.0.7"
      },
      "dependencies": {
        "core-js": {
          "version": "http://registry.npm.taobao.org/core-js/download/core-js-2.6.1.tgz",
          "bundled": true
        },
        "power-assert-context-formatter": {
          "version": "http://registry.npm.taobao.org/power-assert-context-formatter/download/power-assert-context-formatter-1.2.0.tgz",
          "bundled": true
        },
        "power-assert-context-reducer-ast": {
          "version": "http://registry.npm.taobao.org/power-assert-context-reducer-ast/download/power-assert-context-reducer-ast-1.2.0.tgz",
          "bundled": true
        },
        "power-assert-renderer-assertion": {
          "version": "http://registry.npm.taobao.org/power-assert-renderer-assertion/download/power-assert-renderer-assertion-1.2.0.tgz",
          "bundled": true
        },
        "power-assert-renderer-comparison": {
          "version": "http://registry.npm.taobao.org/power-assert-renderer-comparison/download/power-assert-renderer-comparison-1.2.0.tgz",
          "bundled": true
        },
        "power-assert-renderer-diagram": {
          "version": "http://registry.npm.taobao.org/power-assert-renderer-diagram/download/power-assert-renderer-diagram-1.2.0.tgz",
          "bundled": true
        },
        "power-assert-renderer-file": {
          "version": "http://registry.npm.taobao.org/power-assert-renderer-file/download/power-assert-renderer-file-1.2.0.tgz",
          "bundled": true
        }
      }
    },
    "supports-color": {
      "version": "5.4.0",
      "resolved": "http://registry.npm.taobao.org/supports-color/download/supports-color-5.4.0.tgz",
      "dev": true,
      "requires": {
        "has-flag": "^3.0.0"
      },
      "dependencies": {
        "has-flag": {
          "version": "http://registry.npm.taobao.org/has-flag/download/has-flag-3.0.0.tgz",
          "bundled": true
        }
      }
    },
    "universal-deep-strict-equal": {
      "version": "1.2.2",
      "resolved": "http://registry.npm.taobao.org/universal-deep-strict-equal/download/universal-deep-strict-equal-1.2.2.tgz",
      "dev": true,
      "requires": {
        "array-filter": "^1.0.0",
        "indexof": "0.0.1",
        "object-keys": "^1.0.0"
      },
      "dependencies": {
        "array-filter": {
          "version": "http://registry.npm.taobao.org/array-filter/download/array-filter-1.0.0.tgz",
          "bundled": true
        },
        "indexof": {
          "version": "http://registry.npm.taobao.org/indexof/download/indexof-0.0.1.tgz",
          "bundled": true
        },
        "object-keys": {
          "version": "http://registry.npm.taobao.org/object-keys/download/object-keys-1.0.12.tgz",
          "bundled": true
        }
      }
    },
    "xtend": {
      "version": "4.0.1",
      "resolved": "http://registry.npm.taobao.org/xtend/download/xtend-4.0.1.tgz",
      "dev": true
    }
  }
}
